
Microsoft Visual Studio Solution File, Format Version 12.00
# Visual Studio Version 16
VisualStudioVersion = 16.0.29424.173
MinimumVisualStudioVersion = 10.0.40219.1
Project("{FAE04EC0-301F-11D3-BF4B-00C04F79EFBC}") = "LibraryManagement", "LibraryManagement\LibraryManagement.csproj", "{9FAAC4EB-1D47-4CBC-9ABC-AF284EF0C603}"
EndProject
Global
	GlobalSection(SolutionConfigurationPlatforms) = preSolution
		Debug|Any CPU = Debug|Any CPU
		Release|Any CPU = Release|Any CPU
	EndGlobalSection
	GlobalSection(ProjectConfigurationPlatforms) = postSolution
		{9FAAC4EB-1D47-4CBC-9ABC-AF284EF0C603}.Debug|Any CPU.ActiveCfg = Debug|Any CPU
		{9FAAC4EB-1D47-4CBC-9ABC-AF284EF0C603}.Debug|Any CPU.Build.0 = Debug|Any CPU
		{9FAAC4EB-1D47-4CBC-9ABC-AF284EF0C603}.Release|Any CPU.ActiveCfg = Release|Any CPU
		{9FAAC4EB-1D47-4CBC-9ABC-AF284EF0C603}.Release|Any CPU.Build.0 = Release|Any CPU
	EndGlobalSection
	GlobalSection(SolutionProperties) = preSolution
		HideSolutionNode = FALSE
	EndGlobalSection
	GlobalSection(ExtensibilityGlobals) = postSolution
		SolutionGuid = {9A1498CD-DE6E-4FA3-A248-027629B2DEF7}
	EndGlobalSection
EndGlobal
